
Microsoft Visual Studio Solution File, Format Version 12.00
# Visual Studio Version 17
VisualStudioVersion = 17.9.34728.123
MinimumVisualStudioVersion = 10.0.40219.1
Project("{8BC9CEB8-8B4A-11D0-8D11-00A0C91BC942}") = "MT3 01_02", "MT3 01_02.vcxproj", "{0268455A-01BE-47C2-96D1-A77BDC61D923}"
EndProject
Global
	GlobalSection(SolutionConfigurationPlatforms) = preSolution
		Debug|x64 = Debug|x64
		Release|x64 = Release|x64
	EndGlobalSection
	GlobalSection(ProjectConfigurationPlatforms) = postSolution
		{0268455A-01BE-47C2-96D1-A77BDC61D923}.Debug|x64.ActiveCfg = Debug|x64
		{0268455A-01BE-47C2-96D1-A77BDC61D923}.Debug|x64.Build.0 = Debug|x64
		{0268455A-01BE-47C2-96D1-A77BDC61D923}.Release|x64.ActiveCfg = Release|x64
		{0268455A-01BE-47C2-96D1-A77BDC61D923}.Release|x64.Build.0 = Release|x64
	EndGlobalSection
	GlobalSection(SolutionProperties) = preSolution
		HideSolutionNode = FALSE
	EndGlobalSection
	GlobalSection(ExtensibilityGlobals) = postSolution
		SolutionGuid = {4D338890-4959-4CDD-9516-34C82DEE395F}
	EndGlobalSection
EndGlobal
